// !$*UTF8*$!
{
	archiveVersion = 1;
	classes = {
	};
	objectVersion = 56;
	objects = {

/* Begin PBXBuildFile section */
		68195DFF2FD5505900240A90 /* SettingViewController.m in Sources */ = {isa = PBXBuildFile; fileRef = 68195DFE2FD5505900240A90 /* SettingViewController.m */; };
		68195E022FD5512000240A90 /* AuthService.m in Sources */ = {isa = PBXBuildFile; fileRef = 68195E012FD5512000240A90 /* AuthService.m */; };
		68195E052FD5534300240A90 /* FavoritesService.m in Sources */ = {isa = PBXBuildFile; fileRef = 68195E042FD5534300240A90 /* FavoritesService.m */; };
		68195E082FD5539F00240A90 /* FavoritesListViewController.m in Sources */ = {isa = PBXBuildFile; fileRef = 68195E072FD5539F00240A90 /* FavoritesListViewController.m */; };
		AA000001 /* main.m in Sources */ = {isa = PBXBuildFile; fileRef = AB000001 /* main.m */; };
		AA000002 /* AppDelegate.m in Sources */ = {isa = PBXBuildFile; fileRef = AB000002 /* AppDelegate.m */; };
		AA000003 /* DogBreed.m in Sources */ = {isa = PBXBuildFile; fileRef = AB000003 /* DogBreed.m */; };
		AA000004 /* DogAPIService.m in Sources */ = {isa = PBXBuildFile; fileRef = AB000004 /* DogAPIService.m */; };
		AA000005 /* DogBreedsListViewController.m in Sources */ = {isa = PBXBuildFile; fileRef = AB000005 /* DogBreedsListViewController.m */; };
		AA000006 /* DogBreedDetailViewController.m in Sources */ = {isa = PBXBuildFile; fileRef = AB000006 /* DogBreedDetailViewController.m */; };
/* End PBXBuildFile section */

/* Begin PBXFileReference section */
		68195DFD2FD5505600240A90 /* SettingViewController.h */ = {isa = PBXFileReference; lastKnownFileType = sourcecode.c.h; path = SettingViewController.h; sourceTree = "<group>"; };
		68195DFE2FD5505900240A90 /* SettingViewController.m */ = {isa = PBXFileReference; lastKnownFileType = sourcecode.c.objc; path = SettingViewController.m; sourceTree = "<group>"; };
		68195E002FD5511800240A90 /* AuthService.h */ = {isa = PBXFileReference; lastKnownFileType = sourcecode.c.h; path = AuthService.h; sourceTree = "<group>"; };
		68195E012FD5512000240A90 /* AuthService.m */ = {isa = PBXFileReference; lastKnownFileType = sourcecode.c.objc; path = AuthService.m; sourceTree = "<group>"; };
		68195E032FD5533200240A90 /* FavoritesService.h */ = {isa = PBXFileReference; lastKnownFileType = sourcecode.c.h; path = FavoritesService.h; sourceTree = "<group>"; };
		68195E042FD5534300240A90 /* FavoritesService.m */ = {isa = PBXFileReference; lastKnownFileType = sourcecode.c.objc; path = FavoritesService.m; sourceTree = "<group>"; };
		68195E062FD5538600240A90 /* FavoritesListViewController.h */ = {isa = PBXFileReference; lastKnownFileType = sourcecode.c.h; path = FavoritesListViewController.h; sourceTree = "<group>"; };
		68195E072FD5539F00240A90 /* FavoritesListViewController.m */ = {isa = PBXFileReference; lastKnownFileType = sourcecode.c.objc; path = FavoritesListViewController.m; sourceTree = "<group>"; };
		AB000001 /* main.m */ = {isa = PBXFileReference; lastKnownFileType = sourcecode.c.objc; path = main.m; sourceTree = "<group>"; };
		AB000002 /* AppDelegate.m */ = {isa = PBXFileReference; lastKnownFileType = sourcecode.c.objc; path = AppDelegate.m; sourceTree = "<group>"; };
		AB000003 /* DogBreed.m */ = {isa = PBXFileReference; lastKnownFileType = sourcecode.c.objc; path = DogBreed.m; sourceTree = "<group>"; };
		AB000004 /* DogAPIService.m */ = {isa = PBXFileReference; lastKnownFileType = sourcecode.c.objc; path = DogAPIService.m; sourceTree = "<group>"; };
		AB000005 /* DogBreedsListViewController.m */ = {isa = PBXFileReference; lastKnownFileType = sourcecode.c.objc; path = DogBreedsListViewController.m; sourceTree = "<group>"; };
		AB000006 /* DogBreedDetailViewController.m */ = {isa = PBXFileReference; lastKnownFileType = sourcecode.c.objc; path = DogBreedDetailViewController.m; sourceTree = "<group>"; };
		AB000007 /* AppDelegate.h */ = {isa = PBXFileReference; lastKnownFileType = sourcecode.c.h; path = AppDelegate.h; sourceTree = "<group>"; };
		AB000008 /* DogBreed.h */ = {isa = PBXFileReference; lastKnownFileType = sourcecode.c.h; path = DogBreed.h; sourceTree = "<group>"; };
		AB000009 /* DogAPIService.h */ = {isa = PBXFileReference; lastKnownFileType = sourcecode.c.h; path = DogAPIService.h; sourceTree = "<group>"; };
		AB000010 /* DogBreedsListViewController.h */ = {isa = PBXFileReference; lastKnownFileType = sourcecode.c.h; path = DogBreedsListViewController.h; sourceTree = "<group>"; };
		AB000011 /* DogBreedDetailViewController.h */ = {isa = PBXFileReference; lastKnownFileType = sourcecode.c.h; path = DogBreedDetailViewController.h; sourceTree = "<group>"; };
		AB000012 /* Info.plist */ = {isa = PBXFileReference; lastKnownFileType = text.plist.xml; path = Info.plist; sourceTree = "<group>"; };
		AB000099 /* iOS-POC.app */ = {isa = PBXFileReference; explicitFileType = wrapper.application; includeInIndex = 0; path = "iOS-POC.app"; sourceTree = BUILT_PRODUCTS_DIR; };
/* End PBXFileReference section */

/* Begin PBXFrameworksBuildPhase section */
		AC000001 /* Frameworks */ = {
			isa = PBXFrameworksBuildPhase;
			buildActionMask = 2147483647;
			files = (
			);
			runOnlyForDeploymentPostprocessing = 0;
		};
/* End PBXFrameworksBuildPhase section */

/* Begin PBXGroup section */
		AG000000 = {
			isa = PBXGroup;
			children = (
				AG000001 /* iOS-POC */,
				AG000099 /* Products */,
			);
			sourceTree = "<group>";
		};
		AG000001 /* iOS-POC */ = {
			isa = PBXGroup;
			children = (
				AB000007 /* AppDelegate.h */,
				AB000002 /* AppDelegate.m */,
				AB000001 /* main.m */,
				AB000012 /* Info.plist */,
				AG000002 /* Models */,
				AG000003 /* Services */,
				AG000004 /* ViewControllers */,
			);
			path = "iOS-POC";
			sourceTree = "<group>";
		};
		AG000002 /* Models */ = {
			isa = PBXGroup;
			children = (
				AB000008 /* DogBreed.h */,
				AB000003 /* DogBreed.m */,
			);
			path = Models;
			sourceTree = "<group>";
		};
		AG000003 /* Services */ = {
			isa = PBXGroup;
			children = (
				AB000009 /* DogAPIService.h */,
				AB000004 /* DogAPIService.m */,
				68195E002FD5511800240A90 /* AuthService.h */,
				68195E012FD5512000240A90 /* AuthService.m */,
				68195E032FD5533200240A90 /* FavoritesService.h */,
				68195E042FD5534300240A90 /* FavoritesService.m */,
			);
			path = Services;
			sourceTree = "<group>";
		};
		AG000004 /* ViewControllers */ = {
			isa = PBXGroup;
			children = (
				AB000010 /* DogBreedsListViewController.h */,
				AB000005 /* DogBreedsListViewController.m */,
				AB000011 /* DogBreedDetailViewController.h */,
				AB000006 /* DogBreedDetailViewController.m */,
				68195DFD2FD5505600240A90 /* SettingViewController.h */,
				68195DFE2FD5505900240A90 /* SettingViewController.m */,
				68195E062FD5538600240A90 /* FavoritesListViewController.h */,
				68195E072FD5539F00240A90 /* FavoritesListViewController.m */,
			);
			path = ViewControllers;
			sourceTree = "<group>";
		};
		AG000099 /* Products */ = {
			isa = PBXGroup;
			children = (
				AB000099 /* iOS-POC.app */,
			);
			name = Products;
			sourceTree = "<group>";
		};
/* End PBXGroup section */

/* Begin PBXNativeTarget section */
		AT000001 /* iOS-POC */ = {
			isa = PBXNativeTarget;
			buildConfigurationList = XC000001 /* Build configuration list for PBXNativeTarget "iOS-POC" */;
			buildPhases = (
				AX000001 /* Sources */,
				AC000001 /* Frameworks */,
				AR000001 /* Resources */,
			);
			buildRules = (
			);
			dependencies = (
			);
			name = "iOS-POC";
			productName = "iOS-POC";
			productReference = AB000099 /* iOS-POC.app */;
			productType = "com.apple.product-type.application";
		};
/* End PBXNativeTarget section */

/* Begin PBXProject section */
		AP000001 /* Project object */ = {
			isa = PBXProject;
			attributes = {
				BuildIndependentTargetsInParallel = 1;
				LastUpgradeCheck = 1500;
				TargetAttributes = {
					AT000001 = {
						CreatedOnToolsVersion = 15.0;
					};
				};
			};
			buildConfigurationList = XC000000 /* Build configuration list for PBXProject "iOS-POC" */;
			compatibilityVersion = "Xcode 14.0";
			developmentRegion = ja;
			hasScannedForEncodings = 0;
			knownRegions = (
				en,
				ja,
				Base,
			);
			mainGroup = AG000000;
			productRefGroup = AG000099 /* Products */;
			projectDirPath = "";
			projectRoot = "";
			targets = (
				AT000001 /* iOS-POC */,
			);
		};
/* End PBXProject section */

/* Begin PBXResourcesBuildPhase section */
		AR000001 /* Resources */ = {
			isa = PBXResourcesBuildPhase;
			buildActionMask = 2147483647;
			files = (
			);
			runOnlyForDeploymentPostprocessing = 0;
		};
/* End PBXResourcesBuildPhase section */

/* Begin PBXSourcesBuildPhase section */
		AX000001 /* Sources */ = {
			isa = PBXSourcesBuildPhase;
			buildActionMask = 2147483647;
			files = (
				AA000001 /* main.m in Sources */,
				AA000002 /* AppDelegate.m in Sources */,
				AA000003 /* DogBreed.m in Sources */,
				68195E052FD5534300240A90 /* FavoritesService.m in Sources */,
				68195E022FD5512000240A90 /* AuthService.m in Sources */,
				68195DFF2FD5505900240A90 /* SettingViewController.m in Sources */,
				AA000004 /* DogAPIService.m in Sources */,
				AA000005 /* DogBreedsListViewController.m in Sources */,
				68195E082FD5539F00240A90 /* FavoritesListViewController.m in Sources */,
				AA000006 /* DogBreedDetailViewController.m in Sources */,
			);
			runOnlyForDeploymentPostprocessing = 0;
		};
/* End PBXSourcesBuildPhase section */

/* Begin XCBuildConfiguration section */
		XC000010 /* Debug */ = {
			isa = XCBuildConfiguration;
			buildSettings = {
				ALWAYS_SEARCH_USER_PATHS = NO;
				ASSETCATALOG_COMPILER_GENERATE_SWIFT_ASSET_SYMBOL_EXTENSIONS = YES;
				CLANG_ANALYZER_NONNULL = YES;
				CLANG_ANALYZER_NUMBER_OBJECT_CONVERSION = YES_AGGRESSIVE;
				CLANG_CXX_LANGUAGE_STANDARD = "gnu++20";
				CLANG_ENABLE_MODULES = YES;
				CLANG_ENABLE_OBJC_ARC = YES;
				CLANG_ENABLE_OBJC_WEAK = YES;
				CLANG_WARN_BLOCK_CAPTURE_AUTORELEASING = YES;
				CLANG_WARN_BOOL_CONVERSION = YES;
				CLANG_WARN_COMMA = YES;
				CLANG_WARN_CONSTANT_CONVERSION = YES;
				CLANG_WARN_DEPRECATED_OBJC_IMPLEMENTATIONS = YES;
				CLANG_WARN_DIRECT_OBJC_ISA_USAGE = YES_ERROR;
				CLANG_WARN_DOCUMENTATION_COMMENTS = YES;
				CLANG_WARN_EMPTY_BODY = YES;
				CLANG_WARN_ENUM_CONVERSION = YES;
				CLANG_WARN_INFINITE_RECURSION = YES;
				CLANG_WARN_INT_CONVERSION = YES;
				CLANG_WARN_NON_LITERAL_NULL_CONVERSION = YES;
				CLANG_WARN_OBJC_IMPLICIT_RETAIN_SELF = YES;
				CLANG_WARN_OBJC_LITERAL_CONVERSION = YES;
				CLANG_WARN_OBJC_ROOT_CLASS = YES_ERROR;
				CLANG_WARN_QUOTED_INCLUDE_IN_FRAMEWORK_HEADER = YES;
				CLANG_WARN_RANGE_LOOP_ANALYSIS = YES;
				CLANG_WARN_STRICT_PROTOTYPES = YES;
				CLANG_WARN_SUSPICIOUS_MOVE = YES;
				CLANG_WARN_UNGUARDED_AVAILABILITY = YES_AGGRESSIVE;
				CLANG_WARN_UNREACHABLE_CODE = YES;
				CLANG_WARN__DUPLICATE_METHOD_MATCH = YES;
				COPY_PHASE_STRIP = NO;
				DEBUG_INFORMATION_FORMAT = dwarf;
				ENABLE_STRICT_OBJC_MSGSEND = YES;
				ENABLE_TESTABILITY = YES;
				ENABLE_USER_SCRIPT_SANDBOXING = YES;
				GCC_C_LANGUAGE_STANDARD = gnu17;
				GCC_DYNAMIC_NO_PIC = NO;
				GCC_NO_COMMON_BLOCKS = YES;
				GCC_OPTIMIZATION_LEVEL = 0;
				GCC_PREPROCESSOR_DEFINITIONS = (
					"DEBUG=1",
					"$(inherited)",
				);
				GCC_WARN_64_TO_32_BIT_CONVERSION = YES;
				GCC_WARN_ABOUT_RETURN_TYPE = YES_ERROR;
				GCC_WARN_UNDECLARED_SELECTOR = YES;
				GCC_WARN_UNINITIALIZED_AUTOS = YES_AGGRESSIVE;
				GCC_WARN_UNUSED_FUNCTION = YES;
				GCC_WARN_UNUSED_VARIABLE = YES;
				IPHONEOS_DEPLOYMENT_TARGET = 16.0;
				MTL_ENABLE_DEBUG_INFO = INCLUDE_SOURCE;
				MTL_FAST_MATH = YES;
				ONLY_ACTIVE_ARCH = YES;
				SDKROOT = iphoneos;
				SWIFT_ACTIVE_COMPILATION_CONDITIONS = "DEBUG $(inherited)";
			};
			name = Debug;
		};
		XC000011 /* Release */ = {
			isa = XCBuildConfiguration;
			buildSettings = {
				ALWAYS_SEARCH_USER_PATHS = NO;
				ASSETCATALOG_COMPILER_GENERATE_SWIFT_ASSET_SYMBOL_EXTENSIONS = YES;
				CLANG_ANALYZER_NONNULL = YES;
				CLANG_ANALYZER_NUMBER_OBJECT_CONVERSION = YES_AGGRESSIVE;
				CLANG_CXX_LANGUAGE_STANDARD = "gnu++20";
				CLANG_ENABLE_MODULES = YES;
				CLANG_ENABLE_OBJC_ARC = YES;
				CLANG_ENABLE_OBJC_WEAK = YES;
				CLANG_WARN_BLOCK_CAPTURE_AUTORELEASING = YES;
				CLANG_WARN_BOOL_CONVERSION = YES;
				CLANG_WARN_COMMA = YES;
				CLANG_WARN_CONSTANT_CONVERSION = YES;
				CLANG_WARN_DEPRECATED_OBJC_IMPLEMENTATIONS = YES;
				CLANG_WARN_DIRECT_OBJC_ISA_USAGE = YES_ERROR;
				CLANG_WARN_DOCUMENTATION_COMMENTS = YES;
				CLANG_WARN_EMPTY_BODY = YES;
				CLANG_WARN_ENUM_CONVERSION = YES;
				CLANG_WARN_INFINITE_RECURSION = YES;
				CLANG_WARN_INT_CONVERSION = YES;
				CLANG_WARN_NON_LITERAL_NULL_CONVERSION = YES;
				CLANG_WARN_OBJC_IMPLICIT_RETAIN_SELF = YES;
				CLANG_WARN_OBJC_LITERAL_CONVERSION = YES;
				CLANG_WARN_OBJC_ROOT_CLASS = YES_ERROR;
				CLANG_WARN_QUOTED_INCLUDE_IN_FRAMEWORK_HEADER = YES;
				CLANG_WARN_RANGE_LOOP_ANALYSIS = YES;
				CLANG_WARN_STRICT_PROTOTYPES = YES;
				CLANG_WARN_SUSPICIOUS_MOVE = YES;
				CLANG_WARN_UNGUARDED_AVAILABILITY = YES_AGGRESSIVE;
				CLANG_WARN_UNREACHABLE_CODE = YES;
				CLANG_WARN__DUPLICATE_METHOD_MATCH = YES;
				COPY_PHASE_STRIP = NO;
				DEBUG_INFORMATION_FORMAT = "dwarf-with-dsym";
				ENABLE_NS_ASSERTIONS = NO;
				ENABLE_STRICT_OBJC_MSGSEND = YES;
				ENABLE_USER_SCRIPT_SANDBOXING = YES;
				GCC_C_LANGUAGE_STANDARD = gnu17;
				GCC_NO_COMMON_BLOCKS = YES;
				GCC_WARN_64_TO_32_BIT_CONVERSION = YES;
				GCC_WARN_ABOUT_RETURN_TYPE = YES_ERROR;
				GCC_WARN_UNDECLARED_SELECTOR = YES;
				GCC_WARN_UNINITIALIZED_AUTOS = YES_AGGRESSIVE;
				GCC_WARN_UNUSED_FUNCTION = YES;
				GCC_WARN_UNUSED_VARIABLE = YES;
				IPHONEOS_DEPLOYMENT_TARGET = 16.0;
				MTL_FAST_MATH = YES;
				SDKROOT = iphoneos;
				VALIDATE_PRODUCT = YES;
			};
			name = Release;
		};
		XC000020 /* Debug */ = {
			isa = XCBuildConfiguration;
			buildSettings = {
				ASSETCATALOG_COMPILER_APPICON_NAME = AppIcon;
				ASSETCATALOG_COMPILER_GLOBAL_ACCENT_COLOR_NAME = AccentColor;
				CODE_SIGN_STYLE = Automatic;
				CURRENT_PROJECT_VERSION = 1;
				GENERATE_INFOPLIST_FILE = NO;
				INFOPLIST_FILE = "iOS-POC/Info.plist";
				IPHONEOS_DEPLOYMENT_TARGET = 16.0;
				LD_RUNPATH_SEARCH_PATHS = (
					"$(inherited)",
					"@executable_path/Frameworks",
				);
				MARKETING_VERSION = 1.0;
				PRODUCT_BUNDLE_IDENTIFIER = "com.example.iOS-POC";
				PRODUCT_NAME = "$(TARGET_NAME)";
				TARGETED_DEVICE_FAMILY = "1,2";
			};
			name = Debug;
		};
		XC000021 /* Release */ = {
			isa = XCBuildConfiguration;
			buildSettings = {
				ASSETCATALOG_COMPILER_APPICON_NAME = AppIcon;
				ASSETCATALOG_COMPILER_GLOBAL_ACCENT_COLOR_NAME = AccentColor;
				CODE_SIGN_STYLE = Automatic;
				CURRENT_PROJECT_VERSION = 1;
				GENERATE_INFOPLIST_FILE = NO;
				INFOPLIST_FILE = "iOS-POC/Info.plist";
				IPHONEOS_DEPLOYMENT_TARGET = 16.0;
				LD_RUNPATH_SEARCH_PATHS = (
					"$(inherited)",
					"@executable_path/Frameworks",
				);
				MARKETING_VERSION = 1.0;
				PRODUCT_BUNDLE_IDENTIFIER = "com.example.iOS-POC";
				PRODUCT_NAME = "$(TARGET_NAME)";
				TARGETED_DEVICE_FAMILY = "1,2";
			};
			name = Release;
		};
/* End XCBuildConfiguration section */

/* Begin XCConfigurationList section */
		XC000000 /* Build configuration list for PBXProject "iOS-POC" */ = {
			isa = XCConfigurationList;
			buildConfigurations = (
				XC000010 /* Debug */,
				XC000011 /* Release */,
			);
			defaultConfigurationIsVisible = 0;
			defaultConfigurationName = Release;
		};
		XC000001 /* Build configuration list for PBXNativeTarget "iOS-POC" */ = {
			isa = XCConfigurationList;
			buildConfigurations = (
				XC000020 /* Debug */,
				XC000021 /* Release */,
			);
			defaultConfigurationIsVisible = 0;
			defaultConfigurationName = Release;
		};
/* End XCConfigurationList section */
	};
	rootObject = AP000001 /* Project object */;
}
